
Microsoft Visual Studio Solution File, Format Version 12.00
# Visual Studio 2013
VisualStudioVersion = 12.0.40629.0
MinimumVisualStudioVersion = 10.0.40219.1
Project("{2150E333-8FDC-42A3-9474-1A3956D46DE8}") = "PhotoZ", "PhotoZ", "{8D593271-D85B-40B8-9EE6-BF779EF8774B}"
EndProject
Project("{2150E333-8FDC-42A3-9474-1A3956D46DE8}") = "Dll", "Dll", "{09E15E9B-5F1A-4899-9B5F-3F7CAE155D7E}"
EndProject
Project("{2150E333-8FDC-42A3-9474-1A3956D46DE8}") = "Exe", "Exe", "{02219783-F931-4945-A881-CEB64543D089}"
EndProject
Project("{2150E333-8FDC-42A3-9474-1A3956D46DE8}") = "SQL", "SQL", "{610737BC-CB8E-4EF5-9E64-28B7B0B51C4D}"
EndProject
Project("{FAE04EC0-301F-11D3-BF4B-00C04F79EFBC}") = "Jhu.PhotoZ", "Jhu.PhotoZ\Jhu.PhotoZ.csproj", "{BD734225-7533-428B-A62E-21EAB29A2CC3}"
EndProject
Project("{FAE04EC0-301F-11D3-BF4B-00C04F79EFBC}") = "Jhu.HSCPhotoZ", "Jhu.HSCPhotoZ\Jhu.HSCPhotoZ.csproj", "{C6BAB99E-C319-4BE6-8D34-7CF986EAEF79}"
EndProject
Project("{FAE04EC0-301F-11D3-BF4B-00C04F79EFBC}") = "TestMySpline", "TestMySpline\TestMySpline.csproj", "{E22BF4A5-E83E-44F8-8B23-5F2A9B7D31F9}"
EndProject
Project("{00D1A9C2-B5F0-4AF3-8072-F6C62B433612}") = "Jhu.PhotoZSQLDB", "Jhu.PhotoZSQL\Jhu.PhotoZSQLDB.sqlproj", "{438338A5-EA6C-476C-A543-A48D4907F7B1}"
	ProjectSection(ProjectDependencies) = postProject
		{CC75D904-89FB-40CD-9EA3-55359FFE1540} = {CC75D904-89FB-40CD-9EA3-55359FFE1540}
	EndProjectSection
EndProject
Project("{FAE04EC0-301F-11D3-BF4B-00C04F79EFBC}") = "Jhu.SpecSvc.Util", "Jhu.SpecSvc.Util\Jhu.SpecSvc.Util.csproj", "{3814EE7A-E109-4793-9150-97506ADD0D44}"
EndProject
Project("{FAE04EC0-301F-11D3-BF4B-00C04F79EFBC}") = "Jhu.PhotoZSQL", "Jhu.PhotoZSQLWrapper\Jhu.PhotoZSQL.csproj", "{FCA0F701-12E1-4A65-A960-3D60FD76FFFB}"
EndProject
Project("{FAE04EC0-301F-11D3-BF4B-00C04F79EFBC}") = "Jhu.PHATParallelRunner", "Jhu.PHATParallelRunner\Jhu.PHATParallelRunner.csproj", "{74BC205C-C278-4BCC-A60F-4E218F998217}"
EndProject
Project("{FAE04EC0-301F-11D3-BF4B-00C04F79EFBC}") = "Jhu.CANDELSParallelRunner", "Jhu.CANDELSParallelRunner\Jhu.CANDELSParallelRunner.csproj", "{7EE154DF-C833-483E-8B36-937B5D7BEA1D}"
EndProject
Project("{2150E333-8FDC-42A3-9474-1A3956D46DE8}") = "BuildUtility", "BuildUtility", "{3D96E12A-6FB3-497C-B904-F2ECF3DA7C01}"
EndProject
Project("{FAE04EC0-301F-11D3-BF4B-00C04F79EFBC}") = "Jhu.Graywulf.SqlClrUtil", "Jhu.Graywulf.SqlClrUtil\Jhu.Graywulf.SqlClrUtil.csproj", "{CC75D904-89FB-40CD-9EA3-55359FFE1540}"
EndProject
Project("{FAE04EC0-301F-11D3-BF4B-00C04F79EFBC}") = "Jhu.FilterLoader", "Jhu.FilterLoader\Jhu.FilterLoader.csproj", "{8458C62D-FF84-4991-8F4B-55F411B1A529}"
EndProject
Project("{FAE04EC0-301F-11D3-BF4B-00C04F79EFBC}") = "Jhu.TemplateLoader", "Jhu.TemplateLoader\Jhu.TemplateLoader.csproj", "{A118713E-0D1D-4E27-B9BD-04EB02EC172C}"
EndProject
Project("{FAE04EC0-301F-11D3-BF4B-00C04F79EFBC}") = "Jhu.COINParallelRunner", "Jhu.COINParallelRunner\Jhu.COINParallelRunner.csproj", "{555B5A3C-E1BF-45C9-B0AD-F7DCAD665209}"
EndProject
Project("{FAE04EC0-301F-11D3-BF4B-00C04F79EFBC}") = "Jhu.WrapperTester", "Jhu.WrapperTester\Jhu.WrapperTester.csproj", "{5645CFDF-D134-4F9B-A761-B517956E4701}"
EndProject
Project("{2150E333-8FDC-42A3-9474-1A3956D46DE8}") = "Solution Items", "Solution Items", "{710313BA-C948-4DFA-8F08-DFF8F3B38E16}"
	ProjectSection(SolutionItems) = preProject
		Performance1.psess = Performance1.psess
		Performance4.psess = Performance4.psess
		Performance5.psess = Performance5.psess
		Performance6.psess = Performance6.psess
		Performance7.psess = Performance7.psess
	EndProjectSection
EndProject
Global
	GlobalSection(SolutionConfigurationPlatforms) = preSolution
		Debug|Any CPU = Debug|Any CPU
		Debug|Mixed Platforms = Debug|Mixed Platforms
		Debug|x64 = Debug|x64
		Debug|x86 = Debug|x86
		Release|Any CPU = Release|Any CPU
		Release|Mixed Platforms = Release|Mixed Platforms
		Release|x64 = Release|x64
		Release|x86 = Release|x86
	EndGlobalSection
	GlobalSection(ProjectConfigurationPlatforms) = postSolution
		{BD734225-7533-428B-A62E-21EAB29A2CC3}.Debug|Any CPU.ActiveCfg = Debug|Any CPU
		{BD734225-7533-428B-A62E-21EAB29A2CC3}.Debug|Any CPU.Build.0 = Debug|Any CPU
		{BD734225-7533-428B-A62E-21EAB29A2CC3}.Debug|Mixed Platforms.ActiveCfg = Debug|Any CPU
		{BD734225-7533-428B-A62E-21EAB29A2CC3}.Debug|Mixed Platforms.Build.0 = Debug|Any CPU
		{BD734225-7533-428B-A62E-21EAB29A2CC3}.Debug|x64.ActiveCfg = Debug|x64
		{BD734225-7533-428B-A62E-21EAB29A2CC3}.Debug|x64.Build.0 = Debug|x64
		{BD734225-7533-428B-A62E-21EAB29A2CC3}.Debug|x86.ActiveCfg = Debug|Any CPU
		{BD734225-7533-428B-A62E-21EAB29A2CC3}.Release|Any CPU.ActiveCfg = Release|Any CPU
		{BD734225-7533-428B-A62E-21EAB29A2CC3}.Release|Any CPU.Build.0 = Release|Any CPU
		{BD734225-7533-428B-A62E-21EAB29A2CC3}.Release|Mixed Platforms.ActiveCfg = Release|Any CPU
		{BD734225-7533-428B-A62E-21EAB29A2CC3}.Release|Mixed Platforms.Build.0 = Release|Any CPU
		{BD734225-7533-428B-A62E-21EAB29A2CC3}.Release|x64.ActiveCfg = Release|x64
		{BD734225-7533-428B-A62E-21EAB29A2CC3}.Release|x64.Build.0 = Release|x64
		{BD734225-7533-428B-A62E-21EAB29A2CC3}.Release|x86.ActiveCfg = Release|Any CPU
		{C6BAB99E-C319-4BE6-8D34-7CF986EAEF79}.Debug|Any CPU.ActiveCfg = Debug|Any CPU
		{C6BAB99E-C319-4BE6-8D34-7CF986EAEF79}.Debug|Any CPU.Build.0 = Debug|Any CPU
		{C6BAB99E-C319-4BE6-8D34-7CF986EAEF79}.Debug|Mixed Platforms.ActiveCfg = Debug|Any CPU
		{C6BAB99E-C319-4BE6-8D34-7CF986EAEF79}.Debug|Mixed Platforms.Build.0 = Debug|Any CPU
		{C6BAB99E-C319-4BE6-8D34-7CF986EAEF79}.Debug|x64.ActiveCfg = Debug|x64
		{C6BAB99E-C319-4BE6-8D34-7CF986EAEF79}.Debug|x64.Build.0 = Debug|x64
		{C6BAB99E-C319-4BE6-8D34-7CF986EAEF79}.Debug|x86.ActiveCfg = Debug|Any CPU
		{C6BAB99E-C319-4BE6-8D34-7CF986EAEF79}.Release|Any CPU.ActiveCfg = Release|Any CPU
		{C6BAB99E-C319-4BE6-8D34-7CF986EAEF79}.Release|Any CPU.Build.0 = Release|Any CPU
		{C6BAB99E-C319-4BE6-8D34-7CF986EAEF79}.Release|Mixed Platforms.ActiveCfg = Release|Any CPU
		{C6BAB99E-C319-4BE6-8D34-7CF986EAEF79}.Release|Mixed Platforms.Build.0 = Release|Any CPU
		{C6BAB99E-C319-4BE6-8D34-7CF986EAEF79}.Release|x64.ActiveCfg = Release|x64
		{C6BAB99E-C319-4BE6-8D34-7CF986EAEF79}.Release|x64.Build.0 = Release|x64
		{C6BAB99E-C319-4BE6-8D34-7CF986EAEF79}.Release|x86.ActiveCfg = Release|Any CPU
		{E22BF4A5-E83E-44F8-8B23-5F2A9B7D31F9}.Debug|Any CPU.ActiveCfg = Debug|Any CPU
		{E22BF4A5-E83E-44F8-8B23-5F2A9B7D31F9}.Debug|Any CPU.Build.0 = Debug|Any CPU
		{E22BF4A5-E83E-44F8-8B23-5F2A9B7D31F9}.Debug|Mixed Platforms.ActiveCfg = Debug|Any CPU
		{E22BF4A5-E83E-44F8-8B23-5F2A9B7D31F9}.Debug|Mixed Platforms.Build.0 = Debug|Any CPU
		{E22BF4A5-E83E-44F8-8B23-5F2A9B7D31F9}.Debug|x64.ActiveCfg = Debug|x64
		{E22BF4A5-E83E-44F8-8B23-5F2A9B7D31F9}.Debug|x64.Build.0 = Debug|x64
		{E22BF4A5-E83E-44F8-8B23-5F2A9B7D31F9}.Debug|x86.ActiveCfg = Debug|Any CPU
		{E22BF4A5-E83E-44F8-8B23-5F2A9B7D31F9}.Release|Any CPU.ActiveCfg = Release|Any CPU
		{E22BF4A5-E83E-44F8-8B23-5F2A9B7D31F9}.Release|Any CPU.Build.0 = Release|Any CPU
		{E22BF4A5-E83E-44F8-8B23-5F2A9B7D31F9}.Release|Mixed Platforms.ActiveCfg = Release|Any CPU
		{E22BF4A5-E83E-44F8-8B23-5F2A9B7D31F9}.Release|Mixed Platforms.Build.0 = Release|Any CPU
		{E22BF4A5-E83E-44F8-8B23-5F2A9B7D31F9}.Release|x64.ActiveCfg = Release|x64
		{E22BF4A5-E83E-44F8-8B23-5F2A9B7D31F9}.Release|x64.Build.0 = Release|x64
		{E22BF4A5-E83E-44F8-8B23-5F2A9B7D31F9}.Release|x86.ActiveCfg = Release|Any CPU
		{438338A5-EA6C-476C-A543-A48D4907F7B1}.Debug|Any CPU.ActiveCfg = Debug|Any CPU
		{438338A5-EA6C-476C-A543-A48D4907F7B1}.Debug|Any CPU.Build.0 = Debug|Any CPU
		{438338A5-EA6C-476C-A543-A48D4907F7B1}.Debug|Any CPU.Deploy.0 = Debug|Any CPU
		{438338A5-EA6C-476C-A543-A48D4907F7B1}.Debug|Mixed Platforms.ActiveCfg = Debug|Any CPU
		{438338A5-EA6C-476C-A543-A48D4907F7B1}.Debug|Mixed Platforms.Build.0 = Debug|Any CPU
		{438338A5-EA6C-476C-A543-A48D4907F7B1}.Debug|Mixed Platforms.Deploy.0 = Debug|Any CPU
		{438338A5-EA6C-476C-A543-A48D4907F7B1}.Debug|x64.ActiveCfg = Debug|x64
		{438338A5-EA6C-476C-A543-A48D4907F7B1}.Debug|x64.Build.0 = Debug|x64
		{438338A5-EA6C-476C-A543-A48D4907F7B1}.Debug|x86.ActiveCfg = Debug|Any CPU
		{438338A5-EA6C-476C-A543-A48D4907F7B1}.Release|Any CPU.ActiveCfg = Release|Any CPU
		{438338A5-EA6C-476C-A543-A48D4907F7B1}.Release|Any CPU.Build.0 = Release|Any CPU
		{438338A5-EA6C-476C-A543-A48D4907F7B1}.Release|Any CPU.Deploy.0 = Release|Any CPU
		{438338A5-EA6C-476C-A543-A48D4907F7B1}.Release|Mixed Platforms.ActiveCfg = Release|Any CPU
		{438338A5-EA6C-476C-A543-A48D4907F7B1}.Release|Mixed Platforms.Build.0 = Release|Any CPU
		{438338A5-EA6C-476C-A543-A48D4907F7B1}.Release|Mixed Platforms.Deploy.0 = Release|Any CPU
		{438338A5-EA6C-476C-A543-A48D4907F7B1}.Release|x64.ActiveCfg = Release|x64
		{438338A5-EA6C-476C-A543-A48D4907F7B1}.Release|x64.Build.0 = Release|x64
		{438338A5-EA6C-476C-A543-A48D4907F7B1}.Release|x86.ActiveCfg = Release|Any CPU
		{3814EE7A-E109-4793-9150-97506ADD0D44}.Debug|Any CPU.ActiveCfg = Debug|Any CPU
		{3814EE7A-E109-4793-9150-97506ADD0D44}.Debug|Any CPU.Build.0 = Debug|Any CPU
		{3814EE7A-E109-4793-9150-97506ADD0D44}.Debug|Mixed Platforms.ActiveCfg = Debug|Any CPU
		{3814EE7A-E109-4793-9150-97506ADD0D44}.Debug|Mixed Platforms.Build.0 = Debug|Any CPU
		{3814EE7A-E109-4793-9150-97506ADD0D44}.Debug|x64.ActiveCfg = Debug|x64
		{3814EE7A-E109-4793-9150-97506ADD0D44}.Debug|x64.Build.0 = Debug|x64
		{3814EE7A-E109-4793-9150-97506ADD0D44}.Debug|x86.ActiveCfg = Debug|Any CPU
		{3814EE7A-E109-4793-9150-97506ADD0D44}.Release|Any CPU.ActiveCfg = Release|Any CPU
		{3814EE7A-E109-4793-9150-97506ADD0D44}.Release|Any CPU.Build.0 = Release|Any CPU
		{3814EE7A-E109-4793-9150-97506ADD0D44}.Release|Mixed Platforms.ActiveCfg = Release|Any CPU
		{3814EE7A-E109-4793-9150-97506ADD0D44}.Release|Mixed Platforms.Build.0 = Release|Any CPU
		{3814EE7A-E109-4793-9150-97506ADD0D44}.Release|x64.ActiveCfg = Release|x64
		{3814EE7A-E109-4793-9150-97506ADD0D44}.Release|x64.Build.0 = Release|x64
		{3814EE7A-E109-4793-9150-97506ADD0D44}.Release|x86.ActiveCfg = Release|Any CPU
		{FCA0F701-12E1-4A65-A960-3D60FD76FFFB}.Debug|Any CPU.ActiveCfg = Debug|Any CPU
		{FCA0F701-12E1-4A65-A960-3D60FD76FFFB}.Debug|Any CPU.Build.0 = Debug|Any CPU
		{FCA0F701-12E1-4A65-A960-3D60FD76FFFB}.Debug|Mixed Platforms.ActiveCfg = Debug|Any CPU
		{FCA0F701-12E1-4A65-A960-3D60FD76FFFB}.Debug|Mixed Platforms.Build.0 = Debug|Any CPU
		{FCA0F701-12E1-4A65-A960-3D60FD76FFFB}.Debug|x64.ActiveCfg = Debug|x64
		{FCA0F701-12E1-4A65-A960-3D60FD76FFFB}.Debug|x64.Build.0 = Debug|x64
		{FCA0F701-12E1-4A65-A960-3D60FD76FFFB}.Debug|x86.ActiveCfg = Debug|Any CPU
		{FCA0F701-12E1-4A65-A960-3D60FD76FFFB}.Release|Any CPU.ActiveCfg = Release|Any CPU
		{FCA0F701-12E1-4A65-A960-3D60FD76FFFB}.Release|Any CPU.Build.0 = Release|Any CPU
		{FCA0F701-12E1-4A65-A960-3D60FD76FFFB}.Release|Mixed Platforms.ActiveCfg = Release|Any CPU
		{FCA0F701-12E1-4A65-A960-3D60FD76FFFB}.Release|Mixed Platforms.Build.0 = Release|Any CPU
		{FCA0F701-12E1-4A65-A960-3D60FD76FFFB}.Release|x64.ActiveCfg = Release|x64
		{FCA0F701-12E1-4A65-A960-3D60FD76FFFB}.Release|x64.Build.0 = Release|x64
		{FCA0F701-12E1-4A65-A960-3D60FD76FFFB}.Release|x86.ActiveCfg = Release|Any CPU
		{74BC205C-C278-4BCC-A60F-4E218F998217}.Debug|Any CPU.ActiveCfg = Debug|Any CPU
		{74BC205C-C278-4BCC-A60F-4E218F998217}.Debug|Any CPU.Build.0 = Debug|Any CPU
		{74BC205C-C278-4BCC-A60F-4E218F998217}.Debug|Mixed Platforms.ActiveCfg = Debug|Any CPU
		{74BC205C-C278-4BCC-A60F-4E218F998217}.Debug|Mixed Platforms.Build.0 = Debug|Any CPU
		{74BC205C-C278-4BCC-A60F-4E218F998217}.Debug|x64.ActiveCfg = Debug|x64
		{74BC205C-C278-4BCC-A60F-4E218F998217}.Debug|x64.Build.0 = Debug|x64
		{74BC205C-C278-4BCC-A60F-4E218F998217}.Debug|x86.ActiveCfg = Debug|Any CPU
		{74BC205C-C278-4BCC-A60F-4E218F998217}.Release|Any CPU.ActiveCfg = Release|Any CPU
		{74BC205C-C278-4BCC-A60F-4E218F998217}.Release|Any CPU.Build.0 = Release|Any CPU
		{74BC205C-C278-4BCC-A60F-4E218F998217}.Release|Mixed Platforms.ActiveCfg = Release|Any CPU
		{74BC205C-C278-4BCC-A60F-4E218F998217}.Release|Mixed Platforms.Build.0 = Release|Any CPU
		{74BC205C-C278-4BCC-A60F-4E218F998217}.Release|x64.ActiveCfg = Release|x64
		{74BC205C-C278-4BCC-A60F-4E218F998217}.Release|x64.Build.0 = Release|x64
		{74BC205C-C278-4BCC-A60F-4E218F998217}.Release|x86.ActiveCfg = Release|Any CPU
		{7EE154DF-C833-483E-8B36-937B5D7BEA1D}.Debug|Any CPU.ActiveCfg = Debug|Any CPU
		{7EE154DF-C833-483E-8B36-937B5D7BEA1D}.Debug|Any CPU.Build.0 = Debug|Any CPU
		{7EE154DF-C833-483E-8B36-937B5D7BEA1D}.Debug|Mixed Platforms.ActiveCfg = Debug|Any CPU
		{7EE154DF-C833-483E-8B36-937B5D7BEA1D}.Debug|Mixed Platforms.Build.0 = Debug|Any CPU
		{7EE154DF-C833-483E-8B36-937B5D7BEA1D}.Debug|x64.ActiveCfg = Debug|x64
		{7EE154DF-C833-483E-8B36-937B5D7BEA1D}.Debug|x64.Build.0 = Debug|x64
		{7EE154DF-C833-483E-8B36-937B5D7BEA1D}.Debug|x86.ActiveCfg = Debug|Any CPU
		{7EE154DF-C833-483E-8B36-937B5D7BEA1D}.Release|Any CPU.ActiveCfg = Release|Any CPU
		{7EE154DF-C833-483E-8B36-937B5D7BEA1D}.Release|Any CPU.Build.0 = Release|Any CPU
		{7EE154DF-C833-483E-8B36-937B5D7BEA1D}.Release|Mixed Platforms.ActiveCfg = Release|Any CPU
		{7EE154DF-C833-483E-8B36-937B5D7BEA1D}.Release|Mixed Platforms.Build.0 = Release|Any CPU
		{7EE154DF-C833-483E-8B36-937B5D7BEA1D}.Release|x64.ActiveCfg = Release|x64
		{7EE154DF-C833-483E-8B36-937B5D7BEA1D}.Release|x64.Build.0 = Release|x64
		{7EE154DF-C833-483E-8B36-937B5D7BEA1D}.Release|x86.ActiveCfg = Release|Any CPU
		{CC75D904-89FB-40CD-9EA3-55359FFE1540}.Debug|Any CPU.ActiveCfg = Debug|Any CPU
		{CC75D904-89FB-40CD-9EA3-55359FFE1540}.Debug|Any CPU.Build.0 = Debug|Any CPU
		{CC75D904-89FB-40CD-9EA3-55359FFE1540}.Debug|Mixed Platforms.ActiveCfg = Debug|Any CPU
		{CC75D904-89FB-40CD-9EA3-55359FFE1540}.Debug|Mixed Platforms.Build.0 = Debug|Any CPU
		{CC75D904-89FB-40CD-9EA3-55359FFE1540}.Debug|x64.ActiveCfg = Debug|x64
		{CC75D904-89FB-40CD-9EA3-55359FFE1540}.Debug|x64.Build.0 = Debug|x64
		{CC75D904-89FB-40CD-9EA3-55359FFE1540}.Debug|x86.ActiveCfg = Debug|Any CPU
		{CC75D904-89FB-40CD-9EA3-55359FFE1540}.Release|Any CPU.ActiveCfg = Release|Any CPU
		{CC75D904-89FB-40CD-9EA3-55359FFE1540}.Release|Any CPU.Build.0 = Release|Any CPU
		{CC75D904-89FB-40CD-9EA3-55359FFE1540}.Release|Mixed Platforms.ActiveCfg = Release|Any CPU
		{CC75D904-89FB-40CD-9EA3-55359FFE1540}.Release|Mixed Platforms.Build.0 = Release|Any CPU
		{CC75D904-89FB-40CD-9EA3-55359FFE1540}.Release|x64.ActiveCfg = Release|x64
		{CC75D904-89FB-40CD-9EA3-55359FFE1540}.Release|x64.Build.0 = Release|x64
		{CC75D904-89FB-40CD-9EA3-55359FFE1540}.Release|x86.ActiveCfg = Release|Any CPU
		{8458C62D-FF84-4991-8F4B-55F411B1A529}.Debug|Any CPU.ActiveCfg = Debug|Any CPU
		{8458C62D-FF84-4991-8F4B-55F411B1A529}.Debug|Any CPU.Build.0 = Debug|Any CPU
		{8458C62D-FF84-4991-8F4B-55F411B1A529}.Debug|Mixed Platforms.ActiveCfg = Debug|Any CPU
		{8458C62D-FF84-4991-8F4B-55F411B1A529}.Debug|Mixed Platforms.Build.0 = Debug|Any CPU
		{8458C62D-FF84-4991-8F4B-55F411B1A529}.Debug|x64.ActiveCfg = Debug|x64
		{8458C62D-FF84-4991-8F4B-55F411B1A529}.Debug|x64.Build.0 = Debug|x64
		{8458C62D-FF84-4991-8F4B-55F411B1A529}.Debug|x86.ActiveCfg = Debug|Any CPU
		{8458C62D-FF84-4991-8F4B-55F411B1A529}.Release|Any CPU.ActiveCfg = Release|Any CPU
		{8458C62D-FF84-4991-8F4B-55F411B1A529}.Release|Any CPU.Build.0 = Release|Any CPU
		{8458C62D-FF84-4991-8F4B-55F411B1A529}.Release|Mixed Platforms.ActiveCfg = Release|Any CPU
		{8458C62D-FF84-4991-8F4B-55F411B1A529}.Release|Mixed Platforms.Build.0 = Release|Any CPU
		{8458C62D-FF84-4991-8F4B-55F411B1A529}.Release|x64.ActiveCfg = Release|x64
		{8458C62D-FF84-4991-8F4B-55F411B1A529}.Release|x64.Build.0 = Release|x64
		{8458C62D-FF84-4991-8F4B-55F411B1A529}.Release|x86.ActiveCfg = Release|Any CPU
		{A118713E-0D1D-4E27-B9BD-04EB02EC172C}.Debug|Any CPU.ActiveCfg = Debug|Any CPU
		{A118713E-0D1D-4E27-B9BD-04EB02EC172C}.Debug|Any CPU.Build.0 = Debug|Any CPU
		{A118713E-0D1D-4E27-B9BD-04EB02EC172C}.Debug|Mixed Platforms.ActiveCfg = Debug|Any CPU
		{A118713E-0D1D-4E27-B9BD-04EB02EC172C}.Debug|Mixed Platforms.Build.0 = Debug|Any CPU
		{A118713E-0D1D-4E27-B9BD-04EB02EC172C}.Debug|x64.ActiveCfg = Debug|x64
		{A118713E-0D1D-4E27-B9BD-04EB02EC172C}.Debug|x64.Build.0 = Debug|x64
		{A118713E-0D1D-4E27-B9BD-04EB02EC172C}.Debug|x86.ActiveCfg = Debug|Any CPU
		{A118713E-0D1D-4E27-B9BD-04EB02EC172C}.Release|Any CPU.ActiveCfg = Release|Any CPU
		{A118713E-0D1D-4E27-B9BD-04EB02EC172C}.Release|Any CPU.Build.0 = Release|Any CPU
		{A118713E-0D1D-4E27-B9BD-04EB02EC172C}.Release|Mixed Platforms.ActiveCfg = Release|Any CPU
		{A118713E-0D1D-4E27-B9BD-04EB02EC172C}.Release|Mixed Platforms.Build.0 = Release|Any CPU
		{A118713E-0D1D-4E27-B9BD-04EB02EC172C}.Release|x64.ActiveCfg = Release|x64
		{A118713E-0D1D-4E27-B9BD-04EB02EC172C}.Release|x64.Build.0 = Release|x64
		{A118713E-0D1D-4E27-B9BD-04EB02EC172C}.Release|x86.ActiveCfg = Release|Any CPU
		{555B5A3C-E1BF-45C9-B0AD-F7DCAD665209}.Debug|Any CPU.ActiveCfg = Debug|Any CPU
		{555B5A3C-E1BF-45C9-B0AD-F7DCAD665209}.Debug|Any CPU.Build.0 = Debug|Any CPU
		{555B5A3C-E1BF-45C9-B0AD-F7DCAD665209}.Debug|Mixed Platforms.ActiveCfg = Debug|Any CPU
		{555B5A3C-E1BF-45C9-B0AD-F7DCAD665209}.Debug|Mixed Platforms.Build.0 = Debug|Any CPU
		{555B5A3C-E1BF-45C9-B0AD-F7DCAD665209}.Debug|x64.ActiveCfg = Debug|x64
		{555B5A3C-E1BF-45C9-B0AD-F7DCAD665209}.Debug|x64.Build.0 = Debug|x64
		{555B5A3C-E1BF-45C9-B0AD-F7DCAD665209}.Debug|x86.ActiveCfg = Debug|Any CPU
		{555B5A3C-E1BF-45C9-B0AD-F7DCAD665209}.Release|Any CPU.ActiveCfg = Release|Any CPU
		{555B5A3C-E1BF-45C9-B0AD-F7DCAD665209}.Release|Any CPU.Build.0 = Release|Any CPU
		{555B5A3C-E1BF-45C9-B0AD-F7DCAD665209}.Release|Mixed Platforms.ActiveCfg = Release|Any CPU
		{555B5A3C-E1BF-45C9-B0AD-F7DCAD665209}.Release|Mixed Platforms.Build.0 = Release|Any CPU
		{555B5A3C-E1BF-45C9-B0AD-F7DCAD665209}.Release|x64.ActiveCfg = Release|x64
		{555B5A3C-E1BF-45C9-B0AD-F7DCAD665209}.Release|x64.Build.0 = Release|x64
		{555B5A3C-E1BF-45C9-B0AD-F7DCAD665209}.Release|x86.ActiveCfg = Release|Any CPU
		{5645CFDF-D134-4F9B-A761-B517956E4701}.Debug|Any CPU.ActiveCfg = Debug|Any CPU
		{5645CFDF-D134-4F9B-A761-B517956E4701}.Debug|Any CPU.Build.0 = Debug|Any CPU
		{5645CFDF-D134-4F9B-A761-B517956E4701}.Debug|Mixed Platforms.ActiveCfg = Debug|Any CPU
		{5645CFDF-D134-4F9B-A761-B517956E4701}.Debug|Mixed Platforms.Build.0 = Debug|Any CPU
		{5645CFDF-D134-4F9B-A761-B517956E4701}.Debug|x64.ActiveCfg = Debug|x64
		{5645CFDF-D134-4F9B-A761-B517956E4701}.Debug|x64.Build.0 = Debug|x64
		{5645CFDF-D134-4F9B-A761-B517956E4701}.Debug|x86.ActiveCfg = Debug|Any CPU
		{5645CFDF-D134-4F9B-A761-B517956E4701}.Release|Any CPU.ActiveCfg = Release|Any CPU
		{5645CFDF-D134-4F9B-A761-B517956E4701}.Release|Any CPU.Build.0 = Release|Any CPU
		{5645CFDF-D134-4F9B-A761-B517956E4701}.Release|Mixed Platforms.ActiveCfg = Release|Any CPU
		{5645CFDF-D134-4F9B-A761-B517956E4701}.Release|Mixed Platforms.Build.0 = Release|Any CPU
		{5645CFDF-D134-4F9B-A761-B517956E4701}.Release|x64.ActiveCfg = Release|x64
		{5645CFDF-D134-4F9B-A761-B517956E4701}.Release|x64.Build.0 = Release|x64
		{5645CFDF-D134-4F9B-A761-B517956E4701}.Release|x86.ActiveCfg = Release|Any CPU
	EndGlobalSection
	GlobalSection(SolutionProperties) = preSolution
		HideSolutionNode = FALSE
	EndGlobalSection
	GlobalSection(NestedProjects) = preSolution
		{09E15E9B-5F1A-4899-9B5F-3F7CAE155D7E} = {8D593271-D85B-40B8-9EE6-BF779EF8774B}
		{02219783-F931-4945-A881-CEB64543D089} = {8D593271-D85B-40B8-9EE6-BF779EF8774B}
		{610737BC-CB8E-4EF5-9E64-28B7B0B51C4D} = {8D593271-D85B-40B8-9EE6-BF779EF8774B}
		{BD734225-7533-428B-A62E-21EAB29A2CC3} = {09E15E9B-5F1A-4899-9B5F-3F7CAE155D7E}
		{C6BAB99E-C319-4BE6-8D34-7CF986EAEF79} = {09E15E9B-5F1A-4899-9B5F-3F7CAE155D7E}
		{E22BF4A5-E83E-44F8-8B23-5F2A9B7D31F9} = {09E15E9B-5F1A-4899-9B5F-3F7CAE155D7E}
		{438338A5-EA6C-476C-A543-A48D4907F7B1} = {610737BC-CB8E-4EF5-9E64-28B7B0B51C4D}
		{3814EE7A-E109-4793-9150-97506ADD0D44} = {09E15E9B-5F1A-4899-9B5F-3F7CAE155D7E}
		{FCA0F701-12E1-4A65-A960-3D60FD76FFFB} = {09E15E9B-5F1A-4899-9B5F-3F7CAE155D7E}
		{74BC205C-C278-4BCC-A60F-4E218F998217} = {02219783-F931-4945-A881-CEB64543D089}
		{7EE154DF-C833-483E-8B36-937B5D7BEA1D} = {02219783-F931-4945-A881-CEB64543D089}
		{3D96E12A-6FB3-497C-B904-F2ECF3DA7C01} = {8D593271-D85B-40B8-9EE6-BF779EF8774B}
		{CC75D904-89FB-40CD-9EA3-55359FFE1540} = {3D96E12A-6FB3-497C-B904-F2ECF3DA7C01}
		{8458C62D-FF84-4991-8F4B-55F411B1A529} = {02219783-F931-4945-A881-CEB64543D089}
		{A118713E-0D1D-4E27-B9BD-04EB02EC172C} = {02219783-F931-4945-A881-CEB64543D089}
		{555B5A3C-E1BF-45C9-B0AD-F7DCAD665209} = {02219783-F931-4945-A881-CEB64543D089}
		{5645CFDF-D134-4F9B-A761-B517956E4701} = {02219783-F931-4945-A881-CEB64543D089}
	EndGlobalSection
	GlobalSection(Performance) = preSolution
		HasPerformanceSessions = true
	EndGlobalSection
	GlobalSection(TestCaseManagementSettings) = postSolution
		CategoryFile = Spectrum.vsmdi
	EndGlobalSection
EndGlobal
